
Microsoft Visual Studio Solution File, Format Version 12.00
# Visual Studio Version 16
VisualStudioVersion = 16.0.29709.97
MinimumVisualStudioVersion = 10.0.40219.1
Project("{9A19103F-16F7-4668-BE54-9A1E7A4F7556}") = "Phonebook-Api", "Phonebook-Api\Phonebook-Api.csproj", "{CFD0BD4A-E943-42E0-AB36-ED381017DB84}"
EndProject
Project("{9A19103F-16F7-4668-BE54-9A1E7A4F7556}") = "PopulateDataSet", "PopulateDataSet\PopulateDataSet.csproj", "{6C7E5B79-FD1A-4953-BE9F-BE8B85DD6E48}"
EndProject
Project("{9A19103F-16F7-4668-BE54-9A1E7A4F7556}") = "Business", "Business\Business.csproj", "{DED8A1D4-7333-45F2-A6B2-9E14E19307C4}"
EndProject
Global
	GlobalSection(SolutionConfigurationPlatforms) = preSolution
		Debug|Any CPU = Debug|Any CPU
		Release|Any CPU = Release|Any CPU
	EndGlobalSection
	GlobalSection(ProjectConfigurationPlatforms) = postSolution
		{CFD0BD4A-E943-42E0-AB36-ED381017DB84}.Debug|Any CPU.ActiveCfg = Debug|Any CPU
		{CFD0BD4A-E943-42E0-AB36-ED381017DB84}.Debug|Any CPU.Build.0 = Debug|Any CPU
		{CFD0BD4A-E943-42E0-AB36-ED381017DB84}.Release|Any CPU.ActiveCfg = Release|Any CPU
		{CFD0BD4A-E943-42E0-AB36-ED381017DB84}.Release|Any CPU.Build.0 = Release|Any CPU
		{6C7E5B79-FD1A-4953-BE9F-BE8B85DD6E48}.Debug|Any CPU.ActiveCfg = Debug|Any CPU
		{6C7E5B79-FD1A-4953-BE9F-BE8B85DD6E48}.Debug|Any CPU.Build.0 = Debug|Any CPU
		{6C7E5B79-FD1A-4953-BE9F-BE8B85DD6E48}.Release|Any CPU.ActiveCfg = Release|Any CPU
		{6C7E5B79-FD1A-4953-BE9F-BE8B85DD6E48}.Release|Any CPU.Build.0 = Release|Any CPU
		{DED8A1D4-7333-45F2-A6B2-9E14E19307C4}.Debug|Any CPU.ActiveCfg = Debug|Any CPU
		{DED8A1D4-7333-45F2-A6B2-9E14E19307C4}.Debug|Any CPU.Build.0 = Debug|Any CPU
		{DED8A1D4-7333-45F2-A6B2-9E14E19307C4}.Release|Any CPU.ActiveCfg = Release|Any CPU
		{DED8A1D4-7333-45F2-A6B2-9E14E19307C4}.Release|Any CPU.Build.0 = Release|Any CPU
	EndGlobalSection
	GlobalSection(SolutionProperties) = preSolution
		HideSolutionNode = FALSE
	EndGlobalSection
	GlobalSection(ExtensibilityGlobals) = postSolution
		SolutionGuid = {75206FF1-FE4D-4907-8A8E-5EF9A32444A0}
	EndGlobalSection
EndGlobal
